
Microsoft Visual Studio Solution File, Format Version 12.00
# Visual Studio 15
Project("{FAE04EC0-301F-11D3-BF4B-00C04F79EFBC}") = "Assembly-CSharp", "Assembly-CSharp.csproj", "{E8A853C6-2EF6-9CB3-0CC8-C2E367E9D89E}"
EndProject
Global
	GlobalSection(SolutionConfigurationPlatforms) = preSolution
		Debug|Any CPU = Debug|Any CPU
		Release|Any CPU = Release|Any CPU
	EndGlobalSection
	GlobalSection(ProjectConfigurationPlatforms) = postSolution
		{E8A853C6-2EF6-9CB3-0CC8-C2E367E9D89E}.Debug|Any CPU.ActiveCfg = Debug|Any CPU
		{E8A853C6-2EF6-9CB3-0CC8-C2E367E9D89E}.Debug|Any CPU.Build.0 = Debug|Any CPU
		{E8A853C6-2EF6-9CB3-0CC8-C2E367E9D89E}.Release|Any CPU.ActiveCfg = Release|Any CPU
		{E8A853C6-2EF6-9CB3-0CC8-C2E367E9D89E}.Release|Any CPU.Build.0 = Release|Any CPU
	EndGlobalSection
	GlobalSection(SolutionProperties) = preSolution
		HideSolutionNode = FALSE
	EndGlobalSection
EndGlobal
